# This file is automatically @generated by Cargo.
# It is not intended for manual editing.
version = 3

[[package]]
name = "aho-corasick"
version = "1.1.2"
source = "registry+https://github.com/rust-lang/crates.io-index"
checksum = "b2969dcb958b36655471fc61f7e416fa76033bdd4bfed0678d8fee1e2d07a1f0"
dependencies = [
 "memchr",
]

[[package]]
name = "anstream"
version = "0.6.7"
source = "registry+https://github.com/rust-lang/crates.io-index"
checksum = "4cd2405b3ac1faab2990b74d728624cd9fd115651fcecc7c2d8daf01376275ba"
dependencies = [
 "anstyle",
 "anstyle-parse",
 "anstyle-query",
 "anstyle-wincon",
 "colorchoice",
 "utf8parse",
]

[[package]]
name = "anstyle"
version = "1.0.4"
source = "registry+https://github.com/rust-lang/crates.io-index"
checksum = "7079075b41f533b8c61d2a4d073c4676e1f8b249ff94a393b0595db304e0dd87"

[[package]]
name = "anstyle-parse"
version = "0.2.3"
source = "registry+https://github.com/rust-lang/crates.io-index"
checksum = "c75ac65da39e5fe5ab759307499ddad880d724eed2f6ce5b5e8a26f4f387928c"
dependencies = [
 "utf8parse",
]

[[package]]
name = "anstyle-query"
version = "1.0.2"
source = "registry+https://github.com/rust-lang/crates.io-index"
checksum = "e28923312444cdd728e4738b3f9c9cac739500909bb3d3c94b43551b16517648"
dependencies = [
 "windows-sys 0.52.0",
]

[[package]]
name = "anstyle-wincon"
version = "3.0.2"
source = "registry+https://github.com/rust-lang/crates.io-index"
checksum = "1cd54b81ec8d6180e24654d0b371ad22fc3dd083b6ff8ba325b72e00c87660a7"
dependencies = [
 "anstyle",
 "windows-sys 0.52.0",
]

[[package]]
name = "autocfg"
version = "1.1.0"
source = "registry+https://github.com/rust-lang/crates.io-index"
checksum = "d468802bab17cbc0cc575e9b053f41e72aa36bfa6b7f55e3529ffa43161b97fa"

[[package]]
name = "bitflags"
version = "1.3.2"
source = "registry+https://github.com/rust-lang/crates.io-index"
checksum = "bef38d45163c2f1dde094a7dfd33ccf595c92905c8f8f4fdc18d06fb1037718a"

[[package]]
name = "bitflags"
version = "2.4.1"
source = "registry+https://github.com/rust-lang/crates.io-index"
checksum = "327762f6e5a765692301e5bb513e0d9fef63be86bbc14528052b1cd3e6f03e07"

[[package]]
name = "cfg-if"
version = "1.0.0"
source = "registry+https://github.com/rust-lang/crates.io-index"
checksum = "baf1de4339761588bc0619e3cbc0120ee582ebb74b53b4efbf79117bd2da40fd"

[[package]]
name = "clap"
version = "4.4.16"
source = "registry+https://github.com/rust-lang/crates.io-index"
checksum = "58e54881c004cec7895b0068a0a954cd5d62da01aef83fa35b1e594497bf5445"
dependencies = [
 "clap_builder",
]

[[package]]
name = "clap_builder"
version = "4.4.16"
source = "registry+https://github.com/rust-lang/crates.io-index"
checksum = "59cb82d7f531603d2fd1f507441cdd35184fa81beff7bd489570de7f773460bb"
dependencies = [
 "anstream",
 "anstyle",
 "clap_lex",
 "strsim",
]

[[package]]
name = "clap_lex"
version = "0.6.0"
source = "registry+https://github.com/rust-lang/crates.io-index"
checksum = "702fc72eb24e5a1e48ce58027a675bc24edd52096d5397d4aea7c6dd9eca0bd1"

[[package]]
name = "clipboard-win"
version = "5.0.0"
source = "registry+https://github.com/rust-lang/crates.io-index"
checksum = "c57002a5d9be777c1ef967e33674dac9ebd310d8893e4e3437b14d5f0f6372cc"
dependencies = [
 "error-code",
]

[[package]]
name = "colorchoice"
version = "1.0.0"
source = "registry+https://github.com/rust-lang/crates.io-index"
checksum = "acbf1af155f9b9ef647e42cdc158db4b64a1b61f743629225fde6f3e0be2a7c7"

[[package]]
name = "directories"
version = "5.0.1"
source = "registry+https://github.com/rust-lang/crates.io-index"
checksum = "9a49173b84e034382284f27f1af4dcbbd231ffa358c0fe316541a7337f376a35"
dependencies = [
 "dirs-sys",
]

[[package]]
name = "dirs-sys"
version = "0.4.1"
source = "registry+https://github.com/rust-lang/crates.io-index"
checksum = "520f05a5cbd335fae5a99ff7a6ab8627577660ee5cfd6a94a6a929b52ff0321c"
dependencies = [
 "libc",
 "option-ext",
 "redox_users",
 "windows-sys 0.48.0",
]

[[package]]
name = "errno"
version = "0.3.8"
source = "registry+https://github.com/rust-lang/crates.io-index"
checksum = "a258e46cdc063eb8519c00b9fc845fc47bcfca4130e2f08e88665ceda8474245"
dependencies = [
 "libc",
 "windows-sys 0.52.0",
]

[[package]]
name = "error-code"
version = "3.0.0"
source = "registry+https://github.com/rust-lang/crates.io-index"
checksum = "281e452d3bad4005426416cdba5ccfd4f5c1280e10099e21db27f7c1c28347fc"

[[package]]
name = "eva"
version = "0.3.1"
dependencies = [
 "clap",
 "directories",
 "num",
 "once_cell",
 "regex",
 "rustyline",
 "terminal_size",
]

[[package]]
name = "getrandom"
version = "0.2.12"
source = "registry+https://github.com/rust-lang/crates.io-index"
checksum = "190092ea657667030ac6a35e305e62fc4dd69fd98ac98631e5d3a2b1575a12b5"
dependencies = [
 "cfg-if",
 "libc",
 "wasi",
]

[[package]]
name = "libc"
version = "0.2.152"
source = "registry+https://github.com/rust-lang/crates.io-index"
checksum = "13e3bf6590cbc649f4d1a3eefc9d5d6eb746f5200ffb04e5e142700b8faa56e7"

[[package]]
name = "libredox"
version = "0.0.1"
source = "registry+https://github.com/rust-lang/crates.io-index"
checksum = "85c833ca1e66078851dba29046874e38f08b2c883700aa29a03ddd3b23814ee8"
dependencies = [
 "bitflags 2.4.1",
 "libc",
 "redox_syscall",
]

[[package]]
name = "linux-raw-sys"
version = "0.4.12"
source = "registry+https://github.com/rust-lang/crates.io-index"
checksum = "c4cd1a83af159aa67994778be9070f0ae1bd732942279cabb14f86f986a21456"

[[package]]
name = "log"
version = "0.4.20"
source = "registry+https://github.com/rust-lang/crates.io-index"
checksum = "b5e6163cb8c49088c2c36f57875e58ccd8c87c7427f7fbd50ea6710b2f3f2e8f"

[[package]]
name = "memchr"
version = "2.7.1"
source = "registry+https://github.com/rust-lang/crates.io-index"
checksum = "523dc4f511e55ab87b694dc30d0f820d60906ef06413f93d4d7a1385599cc149"

[[package]]
name = "nix"
version = "0.27.1"
source = "registry+https://github.com/rust-lang/crates.io-index"
checksum = "2eb04e9c688eff1c89d72b407f168cf79bb9e867a9d3323ed6c01519eb9cc053"
dependencies = [
 "bitflags 2.4.1",
 "cfg-if",
 "libc",
]

[[package]]
name = "num"
version = "0.4.1"
source = "registry+https://github.com/rust-lang/crates.io-index"
checksum = "b05180d69e3da0e530ba2a1dae5110317e49e3b7f3d41be227dc5f92e49ee7af"
dependencies = [
 "num-bigint",
 "num-complex",
 "num-integer",
 "num-iter",
 "num-rational",
 "num-traits",
]

[[package]]
name = "num-bigint"
version = "0.4.4"
source = "registry+https://github.com/rust-lang/crates.io-index"
checksum = "608e7659b5c3d7cba262d894801b9ec9d00de989e8a82bd4bef91d08da45cdc0"
dependencies = [
 "autocfg",
 "num-integer",
 "num-traits",
]

[[package]]
name = "num-complex"
version = "0.4.4"
source = "registry+https://github.com/rust-lang/crates.io-index"
checksum = "1ba157ca0885411de85d6ca030ba7e2a83a28636056c7c699b07c8b6f7383214"
dependencies = [
 "num-traits",
]

[[package]]
name = "num-integer"
version = "0.1.45"
source = "registry+https://github.com/rust-lang/crates.io-index"
checksum = "225d3389fb3509a24c93f5c29eb6bde2586b98d9f016636dff58d7c6f7569cd9"
dependencies = [
 "autocfg",
 "num-traits",
]

[[package]]
name = "num-iter"
version = "0.1.43"
source = "registry+https://github.com/rust-lang/crates.io-index"
checksum = "7d03e6c028c5dc5cac6e2dec0efda81fc887605bb3d884578bb6d6bf7514e252"
dependencies = [
 "autocfg",
 "num-integer",
 "num-traits",
]

[[package]]
name = "num-rational"
version = "0.4.1"
source = "registry+https://github.com/rust-lang/crates.io-index"
checksum = "0638a1c9d0a3c0914158145bc76cff373a75a627e6ecbfb71cbe6f453a5a19b0"
dependencies = [
 "autocfg",
 "num-bigint",
 "num-integer",
 "num-traits",
]

[[package]]
name = "num-traits"
version = "0.2.17"
source = "registry+https://github.com/rust-lang/crates.io-index"
checksum = "39e3200413f237f41ab11ad6d161bc7239c84dcb631773ccd7de3dfe4b5c267c"
dependencies = [
 "autocfg",
]

[[package]]
name = "once_cell"
version = "1.19.0"
source = "registry+https://github.com/rust-lang/crates.io-index"
checksum = "3fdb12b2476b595f9358c5161aa467c2438859caa136dec86c26fdd2efe17b92"

[[package]]
name = "option-ext"
version = "0.2.0"
source = "registry+https://github.com/rust-lang/crates.io-index"
checksum = "04744f49eae99ab78e0d5c0b603ab218f515ea8cfe5a456d7629ad883a3b6e7d"

[[package]]
name = "proc-macro2"
version = "1.0.76"
source = "registry+https://github.com/rust-lang/crates.io-index"
checksum = "95fc56cda0b5c3325f5fbbd7ff9fda9e02bb00bb3dac51252d2f1bfa1cb8cc8c"
dependencies = [
 "unicode-ident",
]

[[package]]
name = "quote"
version = "1.0.35"
source = "registry+https://github.com/rust-lang/crates.io-index"
checksum = "291ec9ab5efd934aaf503a6466c5d5251535d108ee747472c3977cc5acc868ef"
dependencies = [
 "proc-macro2",
]

[[package]]
name = "redox_syscall"
version = "0.4.1"
source = "registry+https://github.com/rust-lang/crates.io-index"
checksum = "4722d768eff46b75989dd134e5c353f0d6296e5aaa3132e776cbdb56be7731aa"
dependencies = [
 "bitflags 1.3.2",
]

[[package]]
name = "redox_users"
version = "0.4.4"
source = "registry+https://github.com/rust-lang/crates.io-index"
checksum = "a18479200779601e498ada4e8c1e1f50e3ee19deb0259c25825a98b5603b2cb4"
dependencies = [
 "getrandom",
 "libredox",
 "thiserror",
]

[[package]]
name = "regex"
version = "1.10.2"
source = "registry+https://github.com/rust-lang/crates.io-index"
checksum = "380b951a9c5e80ddfd6136919eef32310721aa4aacd4889a8d39124b026ab343"
dependencies = [
 "aho-corasick",
 "memchr",
 "regex-automata",
 "regex-syntax",
]

[[package]]
name = "regex-automata"
version = "0.4.3"
source = "registry+https://github.com/rust-lang/crates.io-index"
checksum = "5f804c7828047e88b2d32e2d7fe5a105da8ee3264f01902f796c8e067dc2483f"
dependencies = [
 "aho-corasick",
 "memchr",
 "regex-syntax",
]

[[package]]
name = "regex-syntax"
version = "0.8.2"
source = "registry+https://github.com/rust-lang/crates.io-index"
checksum = "c08c74e62047bb2de4ff487b251e4a92e24f48745648451635cec7d591162d9f"

[[package]]
name = "rustix"
version = "0.38.30"
source = "registry+https://github.com/rust-lang/crates.io-index"
checksum = "322394588aaf33c24007e8bb3238ee3e4c5c09c084ab32bc73890b99ff326bca"
dependencies = [
 "bitflags 2.4.1",
 "errno",
 "libc",
 "linux-raw-sys",
 "windows-sys 0.52.0",
]

[[package]]
name = "rustyline"
version = "13.0.0"
source = "registry+https://github.com/rust-lang/crates.io-index"
checksum = "02a2d683a4ac90aeef5b1013933f6d977bd37d51ff3f4dad829d4931a7e6be86"
dependencies = [
 "bitflags 2.4.1",
 "cfg-if",
 "clipboard-win",
 "libc",
 "log",
 "memchr",
 "nix",
 "unicode-segmentation",
 "unicode-width",
 "utf8parse",
 "winapi",
]

[[package]]
name = "strsim"
version = "0.10.0"
source = "registry+https://github.com/rust-lang/crates.io-index"
checksum = "73473c0e59e6d5812c5dfe2a064a6444949f089e20eec9a2e5506596494e4623"

[[package]]
name = "syn"
version = "2.0.48"
source = "registry+https://github.com/rust-lang/crates.io-index"
checksum = "0f3531638e407dfc0814761abb7c00a5b54992b849452a0646b7f65c9f770f3f"
dependencies = [
 "proc-macro2",
 "quote",
 "unicode-ident",
]

[[package]]
name = "terminal_size"
version = "0.3.0"
source = "registry+https://github.com/rust-lang/crates.io-index"
checksum = "21bebf2b7c9e0a515f6e0f8c51dc0f8e4696391e6f1ff30379559f8365fb0df7"
dependencies = [
 "rustix",
 "windows-sys 0.48.0",
]

[[package]]
name = "thiserror"
version = "1.0.56"
source = "registry+https://github.com/rust-lang/crates.io-index"
checksum = "d54378c645627613241d077a3a79db965db602882668f9136ac42af9ecb730ad"
dependencies = [
 "thiserror-impl",
]

[[package]]
name = "thiserror-impl"
version = "1.0.56"
source = "registry+https://github.com/rust-lang/crates.io-index"
checksum = "fa0faa943b50f3db30a20aa7e265dbc66076993efed8463e8de414e5d06d3471"
dependencies = [
 "proc-macro2",
 "quote",
 "syn",
]

[[package]]
name = "unicode-ident"
version = "1.0.12"
source = "registry+https://github.com/rust-lang/crates.io-index"
checksum = "3354b9ac3fae1ff6755cb6db53683adb661634f67557942dea4facebec0fee4b"

[[package]]
name = "unicode-segmentation"
version = "1.10.1"
source = "registry+https://github.com/rust-lang/crates.io-index"
checksum = "1dd624098567895118886609431a7c3b8f516e41d30e0643f03d94592a147e36"

[[package]]
name = "unicode-width"
version = "0.1.11"
source = "registry+https://github.com/rust-lang/crates.io-index"
checksum = "e51733f11c9c4f72aa0c160008246859e340b00807569a0da0e7a1079b27ba85"

[[package]]
name = "utf8parse"
version = "0.2.1"
source = "registry+https://github.com/rust-lang/crates.io-index"
checksum = "711b9620af191e0cdc7468a8d14e709c3dcdb115b36f838e601583af800a370a"

[[package]]
name = "wasi"
version = "0.11.0+wasi-snapshot-preview1"
source = "registry+https://github.com/rust-lang/crates.io-index"
checksum = "9c8d87e72b64a3b4db28d11ce29237c246188f4f51057d65a7eab63b7987e423"

[[package]]
name = "winapi"
version = "0.3.9"
source = "registry+https://github.com/rust-lang/crates.io-index"
checksum = "5c839a674fcd7a98952e593242ea400abe93992746761e38641405d28b00f419"
dependencies = [
 "winapi-i686-pc-windows-gnu",
 "winapi-x86_64-pc-windows-gnu",
]

[[package]]
name = "winapi-i686-pc-windows-gnu"
version = "0.4.0"
source = "registry+https://github.com/rust-lang/crates.io-index"
checksum = "ac3b87c63620426dd9b991e5ce0329eff545bccbbb34f3be09ff6fb6ab51b7b6"

[[package]]
name = "winapi-x86_64-pc-windows-gnu"
version = "0.4.0"
source = "registry+https://github.com/rust-lang/crates.io-index"
checksum = "712e227841d057c1ee1cd2fb22fa7e5a5461ae8e48fa2ca79ec42cfc1931183f"

[[package]]
name = "windows-sys"
version = "0.48.0"
source = "registry+https://github.com/rust-lang/crates.io-index"
checksum = "677d2418bec65e3338edb076e806bc1ec15693c5d0104683f2efe857f61056a9"
dependencies = [
 "windows-targets 0.48.5",
]

[[package]]
name = "windows-sys"
version = "0.52.0"
source = "registry+https://github.com/rust-lang/crates.io-index"
checksum = "282be5f36a8ce781fad8c8ae18fa3f9beff57ec1b52cb3de0789201425d9a33d"
dependencies = [
 "windows-targets 0.52.0",
]

[[package]]
name = "windows-targets"
version = "0.48.5"
source = "registry+https://github.com/rust-lang/crates.io-index"
checksum = "9a2fa6e2155d7247be68c096456083145c183cbbbc2764150dda45a87197940c"
dependencies = [
 "windows_aarch64_gnullvm 0.48.5",
 "windows_aarch64_msvc 0.48.5",
 "windows_i686_gnu 0.48.5",
 "windows_i686_msvc 0.48.5",
 "windows_x86_64_gnu 0.48.5",
 "windows_x86_64_gnullvm 0.48.5",
 "windows_x86_64_msvc 0.48.5",
]

[[package]]
name = "windows-targets"
version = "0.52.0"
source = "registry+https://github.com/rust-lang/crates.io-index"
checksum = "8a18201040b24831fbb9e4eb208f8892e1f50a37feb53cc7ff887feb8f50e7cd"
dependencies = [
 "windows_aarch64_gnullvm 0.52.0",
 "windows_aarch64_msvc 0.52.0",
 "windows_i686_gnu 0.52.0",
 "windows_i686_msvc 0.52.0",
 "windows_x86_64_gnu 0.52.0",
 "windows_x86_64_gnullvm 0.52.0",
 "windows_x86_64_msvc 0.52.0",
]

[[package]]
name = "windows_aarch64_gnullvm"
version = "0.48.5"
source = "registry+https://github.com/rust-lang/crates.io-index"
checksum = "2b38e32f0abccf9987a4e3079dfb67dcd799fb61361e53e2882c3cbaf0d905d8"

[[package]]
name = "windows_aarch64_gnullvm"
version = "0.52.0"
source = "registry+https://github.com/rust-lang/crates.io-index"
checksum = "cb7764e35d4db8a7921e09562a0304bf2f93e0a51bfccee0bd0bb0b666b015ea"

[[package]]
name = "windows_aarch64_msvc"
version = "0.48.5"
source = "registry+https://github.com/rust-lang/crates.io-index"
checksum = "dc35310971f3b2dbbf3f0690a219f40e2d9afcf64f9ab7cc1be722937c26b4bc"

[[package]]
name = "windows_aarch64_msvc"
version = "0.52.0"
source = "registry+https://github.com/rust-lang/crates.io-index"
checksum = "bbaa0368d4f1d2aaefc55b6fcfee13f41544ddf36801e793edbbfd7d7df075ef"

[[package]]
name = "windows_i686_gnu"
version = "0.48.5"
source = "registry+https://github.com/rust-lang/crates.io-index"
checksum = "a75915e7def60c94dcef72200b9a8e58e5091744960da64ec734a6c6e9b3743e"

[[package]]
name = "windows_i686_gnu"
version = "0.52.0"
source = "registry+https://github.com/rust-lang/crates.io-index"
checksum = "a28637cb1fa3560a16915793afb20081aba2c92ee8af57b4d5f28e4b3e7df313"

[[package]]
name = "windows_i686_msvc"
version = "0.48.5"
source = "registry+https://github.com/rust-lang/crates.io-index"
checksum = "8f55c233f70c4b27f66c523580f78f1004e8b5a8b659e05a4eb49d4166cca406"

[[package]]
name = "windows_i686_msvc"
version = "0.52.0"
source = "registry+https://github.com/rust-lang/crates.io-index"
checksum = "ffe5e8e31046ce6230cc7215707b816e339ff4d4d67c65dffa206fd0f7aa7b9a"

[[package]]
name = "windows_x86_64_gnu"
version = "0.48.5"
source = "registry+https://github.com/rust-lang/crates.io-index"
checksum = "53d40abd2583d23e4718fddf1ebec84dbff8381c07cae67ff7768bbf19c6718e"

[[package]]
name = "windows_x86_64_gnu"
version = "0.52.0"
source = "registry+https://github.com/rust-lang/crates.io-index"
checksum = "3d6fa32db2bc4a2f5abeacf2b69f7992cd09dca97498da74a151a3132c26befd"

[[package]]
name = "windows_x86_64_gnullvm"
version = "0.48.5"
source = "registry+https://github.com/rust-lang/crates.io-index"
checksum = "0b7b52767868a23d5bab768e390dc5f5c55825b6d30b86c844ff2dc7414044cc"

[[package]]
name = "windows_x86_64_gnullvm"
version = "0.52.0"
source = "registry+https://github.com/rust-lang/crates.io-index"
checksum = "1a657e1e9d3f514745a572a6846d3c7aa7dbe1658c056ed9c3344c4109a6949e"

[[package]]
name = "windows_x86_64_msvc"
version = "0.48.5"
source = "registry+https://github.com/rust-lang/crates.io-index"
checksum = "ed94fce61571a4006852b7389a063ab983c02eb1bb37b47f8272ce92d06d9538"

[[package]]
name = "windows_x86_64_msvc"
version = "0.52.0"
source = "registry+https://github.com/rust-lang/crates.io-index"
checksum = "dff9641d1cd4be8d1a070daf9e3773c5f67e78b4d9d42263020c057706765c04"
